# This file is automatically @generated by Wally.
# It is not intended for manual editing.
registry = "test"

[[package]]
name = "data-oriented-house/squash"
version = "2.3.2"
dependencies = []

[[package]]
name = "mark-marks/sapphire-net"
version = "0.1.0"
dependencies = [["squash", "data-oriented-house/squash@2.3.2"]]
