# This file is automatically @generated by Wally.
# It is not intended for manual editing.
registry = "test"

[[package]]
name = "centau/ecr"
version = "0.8.0"
dependencies = []

[[package]]
name = "mark-marks/sapphire"
version = "0.1.1"
dependencies = [["spawn", "red-blox/spawn@1.1.0"]]

[[package]]
name = "mark-marks/sapphire-ecr"
version = "0.1.0"
dependencies = [["ecr", "centau/ecr@0.8.0"], ["sapphire", "mark-marks/sapphire@0.1.1"], ["signal", "red-blox/signal@2.0.2"]]

[[package]]
name = "red-blox/signal"
version = "2.0.2"
dependencies = [["Spawn", "red-blox/spawn@1.1.0"]]

[[package]]
name = "red-blox/spawn"
version = "1.1.0"
dependencies = []
